
Microsoft Visual Studio Solution File, Format Version 12.00
# Visual Studio Version 17
VisualStudioVersion = 17.11.35303.130
MinimumVisualStudioVersion = 10.0.40219.1
Project("{FAE04EC0-301F-11D3-BF4B-00C04F79EFBC}") = "ltdl", "ltdl\ltdl.csproj", "{DDC9DE8F-0FBA-4E84-857C-57C9DC83E203}"
EndProject
Global
	GlobalSection(SolutionConfigurationPlatforms) = preSolution
		Debug|Any CPU = Debug|Any CPU
		Release|Any CPU = Release|Any CPU
	EndGlobalSection
	GlobalSection(ProjectConfigurationPlatforms) = postSolution
		{DDC9DE8F-0FBA-4E84-857C-57C9DC83E203}.Debug|Any CPU.ActiveCfg = Debug|Any CPU
		{DDC9DE8F-0FBA-4E84-857C-57C9DC83E203}.Debug|Any CPU.Build.0 = Debug|Any CPU
		{DDC9DE8F-0FBA-4E84-857C-57C9DC83E203}.Release|Any CPU.ActiveCfg = Release|Any CPU
		{DDC9DE8F-0FBA-4E84-857C-57C9DC83E203}.Release|Any CPU.Build.0 = Release|Any CPU
	EndGlobalSection
	GlobalSection(SolutionProperties) = preSolution
		HideSolutionNode = FALSE
	EndGlobalSection
	GlobalSection(ExtensibilityGlobals) = postSolution
		SolutionGuid = {F02BBB8F-EE11-4832-9EDC-AC807029B759}
	EndGlobalSection
EndGlobal
